// !$*UTF8*$!
{
	archiveVersion = 1;
	classes = {
	};
	objectVersion = 50;
	objects = {

/* Begin PBXBuildFile section */
		3CCF90DACBC1D9362D8FC41E /* Pods_TrackingApp.framework in Frameworks */ = {isa = PBXBuildFile; fileRef = 183436A45F977C9B979D4F3E /* Pods_TrackingApp.framework */; };
		F40ED743213D9BFA005870AF /* AppDelegate.swift in Sources */ = {isa = PBXBuildFile; fileRef = F40ED742213D9BFA005870AF /* AppDelegate.swift */; };
		F40ED745213D9BFA005870AF /* ViewController.swift in Sources */ = {isa = PBXBuildFile; fileRef = F40ED744213D9BFA005870AF /* ViewController.swift */; };
		F40ED74A213D9BFE005870AF /* Assets.xcassets in Resources */ = {isa = PBXBuildFile; fileRef = F40ED749213D9BFE005870AF /* Assets.xcassets */; };
		F40ED74D213D9BFE005870AF /* LaunchScreen.storyboard in Resources */ = {isa = PBXBuildFile; fileRef = F40ED74B213D9BFE005870AF /* LaunchScreen.storyboard */; };
		F40ED755213D9C72005870AF /* UserData.swift in Sources */ = {isa = PBXBuildFile; fileRef = F40ED754213D9C72005870AF /* UserData.swift */; };
		F4553963213EB0940027CE1D /* GoogleService-Info.plist in Resources */ = {isa = PBXBuildFile; fileRef = F4553962213EB0940027CE1D /* GoogleService-Info.plist */; };
		F4553965213ECF260027CE1D /* Main.storyboard in Resources */ = {isa = PBXBuildFile; fileRef = F4553964213ECF260027CE1D /* Main.storyboard */; };
/* End PBXBuildFile section */

/* Begin PBXFileReference section */
		183436A45F977C9B979D4F3E /* Pods_TrackingApp.framework */ = {isa = PBXFileReference; explicitFileType = wrapper.framework; includeInIndex = 0; path = Pods_TrackingApp.framework; sourceTree = BUILT_PRODUCTS_DIR; };
		C0914B87BA8910D822735B28 /* Pods-TrackingApp.release.xcconfig */ = {isa = PBXFileReference; includeInIndex = 1; lastKnownFileType = text.xcconfig; name = "Pods-TrackingApp.release.xcconfig"; path = "Pods/Target Support Files/Pods-TrackingApp/Pods-TrackingApp.release.xcconfig"; sourceTree = "<group>"; };
		F40ED73F213D9BFA005870AF /* TrackingApp.app */ = {isa = PBXFileReference; explicitFileType = wrapper.application; includeInIndex = 0; path = TrackingApp.app; sourceTree = BUILT_PRODUCTS_DIR; };
		F40ED742213D9BFA005870AF /* AppDelegate.swift */ = {isa = PBXFileReference; lastKnownFileType = sourcecode.swift; path = AppDelegate.swift; sourceTree = "<group>"; };
		F40ED744213D9BFA005870AF /* ViewController.swift */ = {isa = PBXFileReference; lastKnownFileType = sourcecode.swift; path = ViewController.swift; sourceTree = "<group>"; };
		F40ED749213D9BFE005870AF /* Assets.xcassets */ = {isa = PBXFileReference; lastKnownFileType = folder.assetcatalog; path = Assets.xcassets; sourceTree = "<group>"; };
		F40ED74C213D9BFE005870AF /* Base */ = {isa = PBXFileReference; lastKnownFileType = file.storyboard; name = Base; path = Base.lproj/LaunchScreen.storyboard; sourceTree = "<group>"; };
		F40ED74E213D9BFE005870AF /* Info.plist */ = {isa = PBXFileReference; lastKnownFileType = text.plist.xml; path = Info.plist; sourceTree = "<group>"; };
		F40ED754213D9C72005870AF /* UserData.swift */ = {isa = PBXFileReference; lastKnownFileType = sourcecode.swift; path = UserData.swift; sourceTree = "<group>"; };
		F4553962213EB0940027CE1D /* GoogleService-Info.plist */ = {isa = PBXFileReference; fileEncoding = 4; lastKnownFileType = text.plist.xml; path = "GoogleService-Info.plist"; sourceTree = "<group>"; };
		F4553964213ECF260027CE1D /* Main.storyboard */ = {isa = PBXFileReference; fileEncoding = 4; lastKnownFileType = file.storyboard; path = Main.storyboard; sourceTree = "<group>"; };
		FC228EEA8A78FCF712EC0452 /* Pods-TrackingApp.debug.xcconfig */ = {isa = PBXFileReference; includeInIndex = 1; lastKnownFileType = text.xcconfig; name = "Pods-TrackingApp.debug.xcconfig"; path = "Pods/Target Support Files/Pods-TrackingApp/Pods-TrackingApp.debug.xcconfig"; sourceTree = "<group>"; };
/* End PBXFileReference section */

/* Begin PBXFrameworksBuildPhase section */
		F40ED73C213D9BFA005870AF /* Frameworks */ = {
			isa = PBXFrameworksBuildPhase;
			buildActionMask = 2147483647;
			files = (
				3CCF90DACBC1D9362D8FC41E /* Pods_TrackingApp.framework in Frameworks */,
			);
			runOnlyForDeploymentPostprocessing = 0;
		};
/* End PBXFrameworksBuildPhase section */

/* Begin PBXGroup section */
		3AB4CEDD5BB44C7E189D26F1 /* Pods */ = {
			isa = PBXGroup;
			children = (
				FC228EEA8A78FCF712EC0452 /* Pods-TrackingApp.debug.xcconfig */,
				C0914B87BA8910D822735B28 /* Pods-TrackingApp.release.xcconfig */,
			);
			name = Pods;
			sourceTree = "<group>";
		};
		BCD807DE660704361DCD7A29 /* Frameworks */ = {
			isa = PBXGroup;
			children = (
				183436A45F977C9B979D4F3E /* Pods_TrackingApp.framework */,
			);
			name = Frameworks;
			sourceTree = "<group>";
		};
		F40ED736213D9BF9005870AF = {
			isa = PBXGroup;
			children = (
				F40ED741213D9BFA005870AF /* TrackingApp */,
				F40ED740213D9BFA005870AF /* Products */,
				3AB4CEDD5BB44C7E189D26F1 /* Pods */,
				BCD807DE660704361DCD7A29 /* Frameworks */,
			);
			sourceTree = "<group>";
		};
		F40ED740213D9BFA005870AF /* Products */ = {
			isa = PBXGroup;
			children = (
				F40ED73F213D9BFA005870AF /* TrackingApp.app */,
			);
			name = Products;
			sourceTree = "<group>";
		};
		F40ED741213D9BFA005870AF /* TrackingApp */ = {
			isa = PBXGroup;
			children = (
				F40ED742213D9BFA005870AF /* AppDelegate.swift */,
				F40ED756213DF1DC005870AF /* Model */,
				F40ED757213DF1E9005870AF /* View */,
				F40ED758213DF1F0005870AF /* Controller */,
				F40ED749213D9BFE005870AF /* Assets.xcassets */,
				F4553962213EB0940027CE1D /* GoogleService-Info.plist */,
				F40ED74E213D9BFE005870AF /* Info.plist */,
			);
			path = TrackingApp;
			sourceTree = "<group>";
		};
		F40ED756213DF1DC005870AF /* Model */ = {
			isa = PBXGroup;
			children = (
				F40ED754213D9C72005870AF /* UserData.swift */,
			);
			path = Model;
			sourceTree = "<group>";
		};
		F40ED757213DF1E9005870AF /* View */ = {
			isa = PBXGroup;
			children = (
				F40ED74B213D9BFE005870AF /* LaunchScreen.storyboard */,
				F4553964213ECF260027CE1D /* Main.storyboard */,
			);
			path = View;
			sourceTree = "<group>";
		};
		F40ED758213DF1F0005870AF /* Controller */ = {
			isa = PBXGroup;
			children = (
				F40ED744213D9BFA005870AF /* ViewController.swift */,
			);
			path = Controller;
			sourceTree = "<group>";
		};
/* End PBXGroup section */

/* Begin PBXNativeTarget section */
		F40ED73E213D9BFA005870AF /* TrackingApp */ = {
			isa = PBXNativeTarget;
			buildConfigurationList = F40ED751213D9BFE005870AF /* Build configuration list for PBXNativeTarget "TrackingApp" */;
			buildPhases = (
				10925DE40AC33088F72FA991 /* [CP] Check Pods Manifest.lock */,
				F40ED73B213D9BFA005870AF /* Sources */,
				F40ED73C213D9BFA005870AF /* Frameworks */,
				F40ED73D213D9BFA005870AF /* Resources */,
				98831772199B86A8E4D7C5CA /* [CP] Embed Pods Frameworks */,
			);
			buildRules = (
			);
			dependencies = (
			);
			name = TrackingApp;
			productName = TrackingApp;
			productReference = F40ED73F213D9BFA005870AF /* TrackingApp.app */;
			productType = "com.apple.product-type.application";
		};
/* End PBXNativeTarget section */

/* Begin PBXProject section */
		F40ED737213D9BF9005870AF /* Project object */ = {
			isa = PBXProject;
			attributes = {
				LastSwiftUpdateCheck = 0940;
				LastUpgradeCheck = 0940;
				ORGANIZATIONNAME = dmitriy1;
				TargetAttributes = {
					F40ED73E213D9BFA005870AF = {
						CreatedOnToolsVersion = 9.4.1;
					};
				};
			};
			buildConfigurationList = F40ED73A213D9BF9005870AF /* Build configuration list for PBXProject "TrackingApp" */;
			compatibilityVersion = "Xcode 9.3";
			developmentRegion = en;
			hasScannedForEncodings = 0;
			knownRegions = (
				en,
				Base,
			);
			mainGroup = F40ED736213D9BF9005870AF;
			productRefGroup = F40ED740213D9BFA005870AF /* Products */;
			projectDirPath = "";
			projectRoot = "";
			targets = (
				F40ED73E213D9BFA005870AF /* TrackingApp */,
			);
		};
/* End PBXProject section */

/* Begin PBXResourcesBuildPhase section */
		F40ED73D213D9BFA005870AF /* Resources */ = {
			isa = PBXResourcesBuildPhase;
			buildActionMask = 2147483647;
			files = (
				F40ED74D213D9BFE005870AF /* LaunchScreen.storyboard in Resources */,
				F40ED74A213D9BFE005870AF /* Assets.xcassets in Resources */,
				F4553963213EB0940027CE1D /* GoogleService-Info.plist in Resources */,
				F4553965213ECF260027CE1D /* Main.storyboard in Resources */,
			);
			runOnlyForDeploymentPostprocessing = 0;
		};
/* End PBXResourcesBuildPhase section */

/* Begin PBXShellScriptBuildPhase section */
		10925DE40AC33088F72FA991 /* [CP] Check Pods Manifest.lock */ = {
			isa = PBXShellScriptBuildPhase;
			buildActionMask = 2147483647;
			files = (
			);
			inputPaths = (
				"${PODS_PODFILE_DIR_PATH}/Podfile.lock",
				"${PODS_ROOT}/Manifest.lock",
			);
			name = "[CP] Check Pods Manifest.lock";
			outputPaths = (
				"$(DERIVED_FILE_DIR)/Pods-TrackingApp-checkManifestLockResult.txt",
			);
			runOnlyForDeploymentPostprocessing = 0;
			shellPath = /bin/sh;
			shellScript = "diff \"${PODS_PODFILE_DIR_PATH}/Podfile.lock\" \"${PODS_ROOT}/Manifest.lock\" > /dev/null\nif [ $? != 0 ] ; then\n    # print error to STDERR\n    echo \"error: The sandbox is not in sync with the Podfile.lock. Run 'pod install' or update your CocoaPods installation.\" >&2\n    exit 1\nfi\n# This output is used by Xcode 'outputs' to avoid re-running this script phase.\necho \"SUCCESS\" > \"${SCRIPT_OUTPUT_FILE_0}\"\n";
			showEnvVarsInLog = 0;
		};
		98831772199B86A8E4D7C5CA /* [CP] Embed Pods Frameworks */ = {
			isa = PBXShellScriptBuildPhase;
			buildActionMask = 2147483647;
			files = (
			);
			inputPaths = (
				"${SRCROOT}/Pods/Target Support Files/Pods-TrackingApp/Pods-TrackingApp-frameworks.sh",
				"${BUILT_PRODUCTS_DIR}/GTMSessionFetcher/GTMSessionFetcher.framework",
				"${BUILT_PRODUCTS_DIR}/GoogleToolboxForMac/GoogleToolboxForMac.framework",
				"${BUILT_PRODUCTS_DIR}/leveldb-library/leveldb.framework",
				"${BUILT_PRODUCTS_DIR}/nanopb/nanopb.framework",
			);
			name = "[CP] Embed Pods Frameworks";
			outputPaths = (
				"${TARGET_BUILD_DIR}/${FRAMEWORKS_FOLDER_PATH}/GTMSessionFetcher.framework",
				"${TARGET_BUILD_DIR}/${FRAMEWORKS_FOLDER_PATH}/GoogleToolboxForMac.framework",
				"${TARGET_BUILD_DIR}/${FRAMEWORKS_FOLDER_PATH}/leveldb.framework",
				"${TARGET_BUILD_DIR}/${FRAMEWORKS_FOLDER_PATH}/nanopb.framework",
			);
			runOnlyForDeploymentPostprocessing = 0;
			shellPath = /bin/sh;
			shellScript = "\"${SRCROOT}/Pods/Target Support Files/Pods-TrackingApp/Pods-TrackingApp-frameworks.sh\"\n";
			showEnvVarsInLog = 0;
		};
/* End PBXShellScriptBuildPhase section */

/* Begin PBXSourcesBuildPhase section */
		F40ED73B213D9BFA005870AF /* Sources */ = {
			isa = PBXSourcesBuildPhase;
			buildActionMask = 2147483647;
			files = (
				F40ED745213D9BFA005870AF /* ViewController.swift in Sources */,
				F40ED755213D9C72005870AF /* UserData.swift in Sources */,
				F40ED743213D9BFA005870AF /* AppDelegate.swift in Sources */,
			);
			runOnlyForDeploymentPostprocessing = 0;
		};
/* End PBXSourcesBuildPhase section */

/* Begin PBXVariantGroup section */
		F40ED74B213D9BFE005870AF /* LaunchScreen.storyboard */ = {
			isa = PBXVariantGroup;
			children = (
				F40ED74C213D9BFE005870AF /* Base */,
			);
			name = LaunchScreen.storyboard;
			sourceTree = "<group>";
		};
/* End PBXVariantGroup section */

/* Begin XCBuildConfiguration section */
		F40ED74F213D9BFE005870AF /* Debug */ = {
			isa = XCBuildConfiguration;
			buildSettings = {
				ALWAYS_SEARCH_USER_PATHS = NO;
				CLANG_ANALYZER_NONNULL = YES;
				CLANG_ANALYZER_NUMBER_OBJECT_CONVERSION = YES_AGGRESSIVE;
				CLANG_CXX_LANGUAGE_STANDARD = "gnu++14";
				CLANG_CXX_LIBRARY = "libc++";
				CLANG_ENABLE_MODULES = YES;
				CLANG_ENABLE_OBJC_ARC = YES;
				CLANG_ENABLE_OBJC_WEAK = YES;
				CLANG_WARN_BLOCK_CAPTURE_AUTORELEASING = YES;
				CLANG_WARN_BOOL_CONVERSION = YES;
				CLANG_WARN_COMMA = YES;
				CLANG_WARN_CONSTANT_CONVERSION = YES;
				CLANG_WARN_DEPRECATED_OBJC_IMPLEMENTATIONS = YES;
				CLANG_WARN_DIRECT_OBJC_ISA_USAGE = YES_ERROR;
				CLANG_WARN_DOCUMENTATION_COMMENTS = YES;
				CLANG_WARN_EMPTY_BODY = YES;
				CLANG_WARN_ENUM_CONVERSION = YES;
				CLANG_WARN_INFINITE_RECURSION = YES;
				CLANG_WARN_INT_CONVERSION = YES;
				CLANG_WARN_NON_LITERAL_NULL_CONVERSION = YES;
				CLANG_WARN_OBJC_IMPLICIT_RETAIN_SELF = YES;
				CLANG_WARN_OBJC_LITERAL_CONVERSION = YES;
				CLANG_WARN_OBJC_ROOT_CLASS = YES_ERROR;
				CLANG_WARN_RANGE_LOOP_ANALYSIS = YES;
				CLANG_WARN_STRICT_PROTOTYPES = YES;
				CLANG_WARN_SUSPICIOUS_MOVE = YES;
				CLANG_WARN_UNGUARDED_AVAILABILITY = YES_AGGRESSIVE;
				CLANG_WARN_UNREACHABLE_CODE = YES;
				CLANG_WARN__DUPLICATE_METHOD_MATCH = YES;
				CODE_SIGN_IDENTITY = "iPhone Developer";
				COPY_PHASE_STRIP = NO;
				DEBUG_INFORMATION_FORMAT = dwarf;
				ENABLE_STRICT_OBJC_MSGSEND = YES;
				ENABLE_TESTABILITY = YES;
				GCC_C_LANGUAGE_STANDARD = gnu11;
				GCC_DYNAMIC_NO_PIC = NO;
				GCC_NO_COMMON_BLOCKS = YES;
				GCC_OPTIMIZATION_LEVEL = 0;
				GCC_PREPROCESSOR_DEFINITIONS = (
					"DEBUG=1",
					"$(inherited)",
				);
				GCC_WARN_64_TO_32_BIT_CONVERSION = YES;
				GCC_WARN_ABOUT_RETURN_TYPE = YES_ERROR;
				GCC_WARN_UNDECLARED_SELECTOR = YES;
				GCC_WARN_UNINITIALIZED_AUTOS = YES_AGGRESSIVE;
				GCC_WARN_UNUSED_FUNCTION = YES;
				GCC_WARN_UNUSED_VARIABLE = YES;
				IPHONEOS_DEPLOYMENT_TARGET = 11.4;
				MTL_ENABLE_DEBUG_INFO = YES;
				ONLY_ACTIVE_ARCH = YES;
				SDKROOT = iphoneos;
				SWIFT_ACTIVE_COMPILATION_CONDITIONS = DEBUG;
				SWIFT_OPTIMIZATION_LEVEL = "-Onone";
			};
			name = Debug;
		};
		F40ED750213D9BFE005870AF /* Release */ = {
			isa = XCBuildConfiguration;
			buildSettings = {
				ALWAYS_SEARCH_USER_PATHS = NO;
				CLANG_ANALYZER_NONNULL = YES;
				CLANG_ANALYZER_NUMBER_OBJECT_CONVERSION = YES_AGGRESSIVE;
				CLANG_CXX_LANGUAGE_STANDARD = "gnu++14";
				CLANG_CXX_LIBRARY = "libc++";
				CLANG_ENABLE_MODULES = YES;
				CLANG_ENABLE_OBJC_ARC = YES;
				CLANG_ENABLE_OBJC_WEAK = YES;
				CLANG_WARN_BLOCK_CAPTURE_AUTORELEASING = YES;
				CLANG_WARN_BOOL_CONVERSION = YES;
				CLANG_WARN_COMMA = YES;
				CLANG_WARN_CONSTANT_CONVERSION = YES;
				CLANG_WARN_DEPRECATED_OBJC_IMPLEMENTATIONS = YES;
				CLANG_WARN_DIRECT_OBJC_ISA_USAGE = YES_ERROR;
				CLANG_WARN_DOCUMENTATION_COMMENTS = YES;
				CLANG_WARN_EMPTY_BODY = YES;
				CLANG_WARN_ENUM_CONVERSION = YES;
				CLANG_WARN_INFINITE_RECURSION = YES;
				CLANG_WARN_INT_CONVERSION = YES;
				CLANG_WARN_NON_LITERAL_NULL_CONVERSION = YES;
				CLANG_WARN_OBJC_IMPLICIT_RETAIN_SELF = YES;
				CLANG_WARN_OBJC_LITERAL_CONVERSION = YES;
				CLANG_WARN_OBJC_ROOT_CLASS = YES_ERROR;
				CLANG_WARN_RANGE_LOOP_ANALYSIS = YES;
				CLANG_WARN_STRICT_PROTOTYPES = YES;
				CLANG_WARN_SUSPICIOUS_MOVE = YES;
				CLANG_WARN_UNGUARDED_AVAILABILITY = YES_AGGRESSIVE;
				CLANG_WARN_UNREACHABLE_CODE = YES;
				CLANG_WARN__DUPLICATE_METHOD_MATCH = YES;
				CODE_SIGN_IDENTITY = "iPhone Developer";
				COPY_PHASE_STRIP = NO;
				DEBUG_INFORMATION_FORMAT = "dwarf-with-dsym";
				ENABLE_NS_ASSERTIONS = NO;
				ENABLE_STRICT_OBJC_MSGSEND = YES;
				GCC_C_LANGUAGE_STANDARD = gnu11;
				GCC_NO_COMMON_BLOCKS = YES;
				GCC_WARN_64_TO_32_BIT_CONVERSION = YES;
				GCC_WARN_ABOUT_RETURN_TYPE = YES_ERROR;
				GCC_WARN_UNDECLARED_SELECTOR = YES;
				GCC_WARN_UNINITIALIZED_AUTOS = YES_AGGRESSIVE;
				GCC_WARN_UNUSED_FUNCTION = YES;
				GCC_WARN_UNUSED_VARIABLE = YES;
				IPHONEOS_DEPLOYMENT_TARGET = 11.4;
				MTL_ENABLE_DEBUG_INFO = NO;
				SDKROOT = iphoneos;
				SWIFT_COMPILATION_MODE = wholemodule;
				SWIFT_OPTIMIZATION_LEVEL = "-O";
				VALIDATE_PRODUCT = YES;
			};
			name = Release;
		};
		F40ED752213D9BFE005870AF /* Debug */ = {
			isa = XCBuildConfiguration;
			baseConfigurationReference = FC228EEA8A78FCF712EC0452 /* Pods-TrackingApp.debug.xcconfig */;
			buildSettings = {
				ASSETCATALOG_COMPILER_APPICON_NAME = AppIcon;
				CODE_SIGN_STYLE = Automatic;
				DEVELOPMENT_TEAM = 452NG5983H;
				INFOPLIST_FILE = TrackingApp/Info.plist;
				LD_RUNPATH_SEARCH_PATHS = (
					"$(inherited)",
					"@executable_path/Frameworks",
				);
				PRODUCT_BUNDLE_IDENTIFIER = com.dmitriy1.TrackingApp;
				PRODUCT_NAME = "$(TARGET_NAME)";
				SWIFT_VERSION = 4.0;
				TARGETED_DEVICE_FAMILY = "1,2";
			};
			name = Debug;
		};
		F40ED753213D9BFE005870AF /* Release */ = {
			isa = XCBuildConfiguration;
			baseConfigurationReference = C0914B87BA8910D822735B28 /* Pods-TrackingApp.release.xcconfig */;
			buildSettings = {
				ASSETCATALOG_COMPILER_APPICON_NAME = AppIcon;
				CODE_SIGN_STYLE = Automatic;
				DEVELOPMENT_TEAM = 452NG5983H;
				INFOPLIST_FILE = TrackingApp/Info.plist;
				LD_RUNPATH_SEARCH_PATHS = (
					"$(inherited)",
					"@executable_path/Frameworks",
				);
				PRODUCT_BUNDLE_IDENTIFIER = com.dmitriy1.TrackingApp;
				PRODUCT_NAME = "$(TARGET_NAME)";
				SWIFT_VERSION = 4.0;
				TARGETED_DEVICE_FAMILY = "1,2";
			};
			name = Release;
		};
/* End XCBuildConfiguration section */

/* Begin XCConfigurationList section */
		F40ED73A213D9BF9005870AF /* Build configuration list for PBXProject "TrackingApp" */ = {
			isa = XCConfigurationList;
			buildConfigurations = (
				F40ED74F213D9BFE005870AF /* Debug */,
				F40ED750213D9BFE005870AF /* Release */,
			);
			defaultConfigurationIsVisible = 0;
			defaultConfigurationName = Release;
		};
		F40ED751213D9BFE005870AF /* Build configuration list for PBXNativeTarget "TrackingApp" */ = {
			isa = XCConfigurationList;
			buildConfigurations = (
				F40ED752213D9BFE005870AF /* Debug */,
				F40ED753213D9BFE005870AF /* Release */,
			);
			defaultConfigurationIsVisible = 0;
			defaultConfigurationName = Release;
		};
/* End XCConfigurationList section */
	};
	rootObject = F40ED737213D9BF9005870AF /* Project object */;
}
